
Microsoft Visual Studio Solution File, Format Version 12.00
# Visual Studio 15
VisualStudioVersion = 15.0.27004.2005
MinimumVisualStudioVersion = 10.0.40219.1
Project("{8BC9CEB8-8B4A-11D0-8D11-00A0C91BC942}") = "CarTalkArduino", "CarTalkArduino\CarTalkArduino.vcxproj", "{C5F80730-F44F-4478-BDAE-6634EFC2CA88}"
EndProject
Project("{FAE04EC0-301F-11D3-BF4B-00C04F79EFBC}") = "CarTalk.Android", "CarTalk\CarTalk.Android\CarTalk.Android.csproj", "{7074E02E-0CEC-4466-8B95-2EEE3AED6F2B}"
EndProject
Project("{FAE04EC0-301F-11D3-BF4B-00C04F79EFBC}") = "CarTalk", "CarTalk\CarTalk\CarTalk.csproj", "{EBE3DBB3-005A-4C20-90EC-49EB13290381}"
EndProject
Project("{FAE04EC0-301F-11D3-BF4B-00C04F79EFBC}") = "CarTalk.UWP", "CarTalk\CarTalk.UWP\CarTalk.UWP.csproj", "{74C78621-CA21-4C64-B70C-BF0A2294D0B6}"
EndProject
Project("{FAE04EC0-301F-11D3-BF4B-00C04F79EFBC}") = "CarTalk.iOS", "CarTalk\CarTalk.iOS\CarTalk.iOS.csproj", "{CE1C9CC4-49FC-4E45-B360-E04496635600}"
EndProject
Project("{FAE04EC0-301F-11D3-BF4B-00C04F79EFBC}") = "XamarinForms.Sutanto.Bluetooth", "XamarinForms.Sutanto.Bluetooth\XamarinForms.Sutanto.Bluetooth.csproj", "{E8662CCE-5FC0-42DE-8F8B-71A1CF694749}"
EndProject
Project("{2150E333-8FDC-42A3-9474-1A3956D46DE8}") = "Libs", "Libs", "{DF093FA7-05C7-4F56-8EE8-523B90062328}"
EndProject
Project("{FAE04EC0-301F-11D3-BF4B-00C04F79EFBC}") = "XamarinForms.Sutanto.Bluetooth.Droid", "XamarinForms.Sutanto.Bluetooth.Droid\XamarinForms.Sutanto.Bluetooth.Droid.csproj", "{06D37854-8EC8-4F62-925D-4A85D9581CD0}"
EndProject
Global
	GlobalSection(SolutionConfigurationPlatforms) = preSolution
		Ad-Hoc|Any CPU = Ad-Hoc|Any CPU
		Ad-Hoc|ARM = Ad-Hoc|ARM
		Ad-Hoc|iPhone = Ad-Hoc|iPhone
		Ad-Hoc|iPhoneSimulator = Ad-Hoc|iPhoneSimulator
		Ad-Hoc|x64 = Ad-Hoc|x64
		Ad-Hoc|x86 = Ad-Hoc|x86
		AppStore|Any CPU = AppStore|Any CPU
		AppStore|ARM = AppStore|ARM
		AppStore|iPhone = AppStore|iPhone
		AppStore|iPhoneSimulator = AppStore|iPhoneSimulator
		AppStore|x64 = AppStore|x64
		AppStore|x86 = AppStore|x86
		Debug|Any CPU = Debug|Any CPU
		Debug|ARM = Debug|ARM
		Debug|iPhone = Debug|iPhone
		Debug|iPhoneSimulator = Debug|iPhoneSimulator
		Debug|x64 = Debug|x64
		Debug|x86 = Debug|x86
		Release|Any CPU = Release|Any CPU
		Release|ARM = Release|ARM
		Release|iPhone = Release|iPhone
		Release|iPhoneSimulator = Release|iPhoneSimulator
		Release|x64 = Release|x64
		Release|x86 = Release|x86
	EndGlobalSection
	GlobalSection(ProjectConfigurationPlatforms) = postSolution
		{C5F80730-F44F-4478-BDAE-6634EFC2CA88}.Ad-Hoc|Any CPU.ActiveCfg = Release|Win32
		{C5F80730-F44F-4478-BDAE-6634EFC2CA88}.Ad-Hoc|Any CPU.Build.0 = Release|Win32
		{C5F80730-F44F-4478-BDAE-6634EFC2CA88}.Ad-Hoc|ARM.ActiveCfg = Release|Win32
		{C5F80730-F44F-4478-BDAE-6634EFC2CA88}.Ad-Hoc|ARM.Build.0 = Release|Win32
		{C5F80730-F44F-4478-BDAE-6634EFC2CA88}.Ad-Hoc|iPhone.ActiveCfg = Release|Win32
		{C5F80730-F44F-4478-BDAE-6634EFC2CA88}.Ad-Hoc|iPhone.Build.0 = Release|Win32
		{C5F80730-F44F-4478-BDAE-6634EFC2CA88}.Ad-Hoc|iPhoneSimulator.ActiveCfg = Release|Win32
		{C5F80730-F44F-4478-BDAE-6634EFC2CA88}.Ad-Hoc|iPhoneSimulator.Build.0 = Release|Win32
		{C5F80730-F44F-4478-BDAE-6634EFC2CA88}.Ad-Hoc|x64.ActiveCfg = Release|Win32
		{C5F80730-F44F-4478-BDAE-6634EFC2CA88}.Ad-Hoc|x64.Build.0 = Release|Win32
		{C5F80730-F44F-4478-BDAE-6634EFC2CA88}.Ad-Hoc|x86.ActiveCfg = Release|Win32
		{C5F80730-F44F-4478-BDAE-6634EFC2CA88}.Ad-Hoc|x86.Build.0 = Release|Win32
		{C5F80730-F44F-4478-BDAE-6634EFC2CA88}.AppStore|Any CPU.ActiveCfg = Release|Win32
		{C5F80730-F44F-4478-BDAE-6634EFC2CA88}.AppStore|Any CPU.Build.0 = Release|Win32
		{C5F80730-F44F-4478-BDAE-6634EFC2CA88}.AppStore|ARM.ActiveCfg = Release|Win32
		{C5F80730-F44F-4478-BDAE-6634EFC2CA88}.AppStore|ARM.Build.0 = Release|Win32
		{C5F80730-F44F-4478-BDAE-6634EFC2CA88}.AppStore|iPhone.ActiveCfg = Release|Win32
		{C5F80730-F44F-4478-BDAE-6634EFC2CA88}.AppStore|iPhone.Build.0 = Release|Win32
		{C5F80730-F44F-4478-BDAE-6634EFC2CA88}.AppStore|iPhoneSimulator.ActiveCfg = Release|Win32
		{C5F80730-F44F-4478-BDAE-6634EFC2CA88}.AppStore|iPhoneSimulator.Build.0 = Release|Win32
		{C5F80730-F44F-4478-BDAE-6634EFC2CA88}.AppStore|x64.ActiveCfg = Release|Win32
		{C5F80730-F44F-4478-BDAE-6634EFC2CA88}.AppStore|x64.Build.0 = Release|Win32
		{C5F80730-F44F-4478-BDAE-6634EFC2CA88}.AppStore|x86.ActiveCfg = Release|Win32
		{C5F80730-F44F-4478-BDAE-6634EFC2CA88}.AppStore|x86.Build.0 = Release|Win32
		{C5F80730-F44F-4478-BDAE-6634EFC2CA88}.Debug|Any CPU.ActiveCfg = Debug|Win32
		{C5F80730-F44F-4478-BDAE-6634EFC2CA88}.Debug|ARM.ActiveCfg = Debug|Win32
		{C5F80730-F44F-4478-BDAE-6634EFC2CA88}.Debug|iPhone.ActiveCfg = Debug|Win32
		{C5F80730-F44F-4478-BDAE-6634EFC2CA88}.Debug|iPhoneSimulator.ActiveCfg = Debug|Win32
		{C5F80730-F44F-4478-BDAE-6634EFC2CA88}.Debug|x64.ActiveCfg = Debug|Win32
		{C5F80730-F44F-4478-BDAE-6634EFC2CA88}.Debug|x86.ActiveCfg = Debug|Win32
		{C5F80730-F44F-4478-BDAE-6634EFC2CA88}.Debug|x86.Build.0 = Debug|Win32
		{C5F80730-F44F-4478-BDAE-6634EFC2CA88}.Release|Any CPU.ActiveCfg = Release|Win32
		{C5F80730-F44F-4478-BDAE-6634EFC2CA88}.Release|ARM.ActiveCfg = Release|Win32
		{C5F80730-F44F-4478-BDAE-6634EFC2CA88}.Release|iPhone.ActiveCfg = Release|Win32
		{C5F80730-F44F-4478-BDAE-6634EFC2CA88}.Release|iPhoneSimulator.ActiveCfg = Release|Win32
		{C5F80730-F44F-4478-BDAE-6634EFC2CA88}.Release|x64.ActiveCfg = Release|Win32
		{C5F80730-F44F-4478-BDAE-6634EFC2CA88}.Release|x86.ActiveCfg = Release|Win32
		{C5F80730-F44F-4478-BDAE-6634EFC2CA88}.Release|x86.Build.0 = Release|Win32
		{7074E02E-0CEC-4466-8B95-2EEE3AED6F2B}.Ad-Hoc|Any CPU.ActiveCfg = Release|Any CPU
		{7074E02E-0CEC-4466-8B95-2EEE3AED6F2B}.Ad-Hoc|Any CPU.Build.0 = Release|Any CPU
		{7074E02E-0CEC-4466-8B95-2EEE3AED6F2B}.Ad-Hoc|Any CPU.Deploy.0 = Release|Any CPU
		{7074E02E-0CEC-4466-8B95-2EEE3AED6F2B}.Ad-Hoc|ARM.ActiveCfg = Release|Any CPU
		{7074E02E-0CEC-4466-8B95-2EEE3AED6F2B}.Ad-Hoc|ARM.Build.0 = Release|Any CPU
		{7074E02E-0CEC-4466-8B95-2EEE3AED6F2B}.Ad-Hoc|ARM.Deploy.0 = Release|Any CPU
		{7074E02E-0CEC-4466-8B95-2EEE3AED6F2B}.Ad-Hoc|iPhone.ActiveCfg = Release|Any CPU
		{7074E02E-0CEC-4466-8B95-2EEE3AED6F2B}.Ad-Hoc|iPhone.Build.0 = Release|Any CPU
		{7074E02E-0CEC-4466-8B95-2EEE3AED6F2B}.Ad-Hoc|iPhone.Deploy.0 = Release|Any CPU
		{7074E02E-0CEC-4466-8B95-2EEE3AED6F2B}.Ad-Hoc|iPhoneSimulator.ActiveCfg = Release|Any CPU
		{7074E02E-0CEC-4466-8B95-2EEE3AED6F2B}.Ad-Hoc|iPhoneSimulator.Build.0 = Release|Any CPU
		{7074E02E-0CEC-4466-8B95-2EEE3AED6F2B}.Ad-Hoc|iPhoneSimulator.Deploy.0 = Release|Any CPU
		{7074E02E-0CEC-4466-8B95-2EEE3AED6F2B}.Ad-Hoc|x64.ActiveCfg = Release|Any CPU
		{7074E02E-0CEC-4466-8B95-2EEE3AED6F2B}.Ad-Hoc|x64.Build.0 = Release|Any CPU
		{7074E02E-0CEC-4466-8B95-2EEE3AED6F2B}.Ad-Hoc|x64.Deploy.0 = Release|Any CPU
		{7074E02E-0CEC-4466-8B95-2EEE3AED6F2B}.Ad-Hoc|x86.ActiveCfg = Release|Any CPU
		{7074E02E-0CEC-4466-8B95-2EEE3AED6F2B}.Ad-Hoc|x86.Build.0 = Release|Any CPU
		{7074E02E-0CEC-4466-8B95-2EEE3AED6F2B}.Ad-Hoc|x86.Deploy.0 = Release|Any CPU
		{7074E02E-0CEC-4466-8B95-2EEE3AED6F2B}.AppStore|Any CPU.ActiveCfg = Release|Any CPU
		{7074E02E-0CEC-4466-8B95-2EEE3AED6F2B}.AppStore|Any CPU.Build.0 = Release|Any CPU
		{7074E02E-0CEC-4466-8B95-2EEE3AED6F2B}.AppStore|Any CPU.Deploy.0 = Release|Any CPU
		{7074E02E-0CEC-4466-8B95-2EEE3AED6F2B}.AppStore|ARM.ActiveCfg = Release|Any CPU
		{7074E02E-0CEC-4466-8B95-2EEE3AED6F2B}.AppStore|ARM.Build.0 = Release|Any CPU
		{7074E02E-0CEC-4466-8B95-2EEE3AED6F2B}.AppStore|ARM.Deploy.0 = Release|Any CPU
		{7074E02E-0CEC-4466-8B95-2EEE3AED6F2B}.AppStore|iPhone.ActiveCfg = Release|Any CPU
		{7074E02E-0CEC-4466-8B95-2EEE3AED6F2B}.AppStore|iPhone.Build.0 = Release|Any CPU
		{7074E02E-0CEC-4466-8B95-2EEE3AED6F2B}.AppStore|iPhone.Deploy.0 = Release|Any CPU
		{7074E02E-0CEC-4466-8B95-2EEE3AED6F2B}.AppStore|iPhoneSimulator.ActiveCfg = Release|Any CPU
		{7074E02E-0CEC-4466-8B95-2EEE3AED6F2B}.AppStore|iPhoneSimulator.Build.0 = Release|Any CPU
		{7074E02E-0CEC-4466-8B95-2EEE3AED6F2B}.AppStore|iPhoneSimulator.Deploy.0 = Release|Any CPU
		{7074E02E-0CEC-4466-8B95-2EEE3AED6F2B}.AppStore|x64.ActiveCfg = Release|Any CPU
		{7074E02E-0CEC-4466-8B95-2EEE3AED6F2B}.AppStore|x64.Build.0 = Release|Any CPU
		{7074E02E-0CEC-4466-8B95-2EEE3AED6F2B}.AppStore|x64.Deploy.0 = Release|Any CPU
		{7074E02E-0CEC-4466-8B95-2EEE3AED6F2B}.AppStore|x86.ActiveCfg = Release|Any CPU
		{7074E02E-0CEC-4466-8B95-2EEE3AED6F2B}.AppStore|x86.Build.0 = Release|Any CPU
		{7074E02E-0CEC-4466-8B95-2EEE3AED6F2B}.AppStore|x86.Deploy.0 = Release|Any CPU
		{7074E02E-0CEC-4466-8B95-2EEE3AED6F2B}.Debug|Any CPU.ActiveCfg = Debug|Any CPU
		{7074E02E-0CEC-4466-8B95-2EEE3AED6F2B}.Debug|Any CPU.Build.0 = Debug|Any CPU
		{7074E02E-0CEC-4466-8B95-2EEE3AED6F2B}.Debug|Any CPU.Deploy.0 = Debug|Any CPU
		{7074E02E-0CEC-4466-8B95-2EEE3AED6F2B}.Debug|ARM.ActiveCfg = Debug|Any CPU
		{7074E02E-0CEC-4466-8B95-2EEE3AED6F2B}.Debug|ARM.Build.0 = Debug|Any CPU
		{7074E02E-0CEC-4466-8B95-2EEE3AED6F2B}.Debug|ARM.Deploy.0 = Debug|Any CPU
		{7074E02E-0CEC-4466-8B95-2EEE3AED6F2B}.Debug|iPhone.ActiveCfg = Debug|Any CPU
		{7074E02E-0CEC-4466-8B95-2EEE3AED6F2B}.Debug|iPhone.Build.0 = Debug|Any CPU
		{7074E02E-0CEC-4466-8B95-2EEE3AED6F2B}.Debug|iPhone.Deploy.0 = Debug|Any CPU
		{7074E02E-0CEC-4466-8B95-2EEE3AED6F2B}.Debug|iPhoneSimulator.ActiveCfg = Debug|Any CPU
		{7074E02E-0CEC-4466-8B95-2EEE3AED6F2B}.Debug|iPhoneSimulator.Build.0 = Debug|Any CPU
		{7074E02E-0CEC-4466-8B95-2EEE3AED6F2B}.Debug|iPhoneSimulator.Deploy.0 = Debug|Any CPU
		{7074E02E-0CEC-4466-8B95-2EEE3AED6F2B}.Debug|x64.ActiveCfg = Debug|Any CPU
		{7074E02E-0CEC-4466-8B95-2EEE3AED6F2B}.Debug|x64.Build.0 = Debug|Any CPU
		{7074E02E-0CEC-4466-8B95-2EEE3AED6F2B}.Debug|x64.Deploy.0 = Debug|Any CPU
		{7074E02E-0CEC-4466-8B95-2EEE3AED6F2B}.Debug|x86.ActiveCfg = Debug|Any CPU
		{7074E02E-0CEC-4466-8B95-2EEE3AED6F2B}.Debug|x86.Build.0 = Debug|Any CPU
		{7074E02E-0CEC-4466-8B95-2EEE3AED6F2B}.Debug|x86.Deploy.0 = Debug|Any CPU
		{7074E02E-0CEC-4466-8B95-2EEE3AED6F2B}.Release|Any CPU.ActiveCfg = Release|Any CPU
		{7074E02E-0CEC-4466-8B95-2EEE3AED6F2B}.Release|Any CPU.Build.0 = Release|Any CPU
		{7074E02E-0CEC-4466-8B95-2EEE3AED6F2B}.Release|Any CPU.Deploy.0 = Release|Any CPU
		{7074E02E-0CEC-4466-8B95-2EEE3AED6F2B}.Release|ARM.ActiveCfg = Release|Any CPU
		{7074E02E-0CEC-4466-8B95-2EEE3AED6F2B}.Release|ARM.Build.0 = Release|Any CPU
		{7074E02E-0CEC-4466-8B95-2EEE3AED6F2B}.Release|ARM.Deploy.0 = Release|Any CPU
		{7074E02E-0CEC-4466-8B95-2EEE3AED6F2B}.Release|iPhone.ActiveCfg = Release|Any CPU
		{7074E02E-0CEC-4466-8B95-2EEE3AED6F2B}.Release|iPhone.Build.0 = Release|Any CPU
		{7074E02E-0CEC-4466-8B95-2EEE3AED6F2B}.Release|iPhone.Deploy.0 = Release|Any CPU
		{7074E02E-0CEC-4466-8B95-2EEE3AED6F2B}.Release|iPhoneSimulator.ActiveCfg = Release|Any CPU
		{7074E02E-0CEC-4466-8B95-2EEE3AED6F2B}.Release|iPhoneSimulator.Build.0 = Release|Any CPU
		{7074E02E-0CEC-4466-8B95-2EEE3AED6F2B}.Release|iPhoneSimulator.Deploy.0 = Release|Any CPU
		{7074E02E-0CEC-4466-8B95-2EEE3AED6F2B}.Release|x64.ActiveCfg = Release|Any CPU
		{7074E02E-0CEC-4466-8B95-2EEE3AED6F2B}.Release|x64.Build.0 = Release|Any CPU
		{7074E02E-0CEC-4466-8B95-2EEE3AED6F2B}.Release|x64.Deploy.0 = Release|Any CPU
		{7074E02E-0CEC-4466-8B95-2EEE3AED6F2B}.Release|x86.ActiveCfg = Release|Any CPU
		{7074E02E-0CEC-4466-8B95-2EEE3AED6F2B}.Release|x86.Build.0 = Release|Any CPU
		{7074E02E-0CEC-4466-8B95-2EEE3AED6F2B}.Release|x86.Deploy.0 = Release|Any CPU
		{EBE3DBB3-005A-4C20-90EC-49EB13290381}.Ad-Hoc|Any CPU.ActiveCfg = Release|Any CPU
		{EBE3DBB3-005A-4C20-90EC-49EB13290381}.Ad-Hoc|Any CPU.Build.0 = Release|Any CPU
		{EBE3DBB3-005A-4C20-90EC-49EB13290381}.Ad-Hoc|ARM.ActiveCfg = Release|Any CPU
		{EBE3DBB3-005A-4C20-90EC-49EB13290381}.Ad-Hoc|ARM.Build.0 = Release|Any CPU
		{EBE3DBB3-005A-4C20-90EC-49EB13290381}.Ad-Hoc|iPhone.ActiveCfg = Release|Any CPU
		{EBE3DBB3-005A-4C20-90EC-49EB13290381}.Ad-Hoc|iPhone.Build.0 = Release|Any CPU
		{EBE3DBB3-005A-4C20-90EC-49EB13290381}.Ad-Hoc|iPhoneSimulator.ActiveCfg = Release|Any CPU
		{EBE3DBB3-005A-4C20-90EC-49EB13290381}.Ad-Hoc|iPhoneSimulator.Build.0 = Release|Any CPU
		{EBE3DBB3-005A-4C20-90EC-49EB13290381}.Ad-Hoc|x64.ActiveCfg = Release|Any CPU
		{EBE3DBB3-005A-4C20-90EC-49EB13290381}.Ad-Hoc|x64.Build.0 = Release|Any CPU
		{EBE3DBB3-005A-4C20-90EC-49EB13290381}.Ad-Hoc|x86.ActiveCfg = Release|Any CPU
		{EBE3DBB3-005A-4C20-90EC-49EB13290381}.Ad-Hoc|x86.Build.0 = Release|Any CPU
		{EBE3DBB3-005A-4C20-90EC-49EB13290381}.AppStore|Any CPU.ActiveCfg = Release|Any CPU
		{EBE3DBB3-005A-4C20-90EC-49EB13290381}.AppStore|Any CPU.Build.0 = Release|Any CPU
		{EBE3DBB3-005A-4C20-90EC-49EB13290381}.AppStore|ARM.ActiveCfg = Release|Any CPU
		{EBE3DBB3-005A-4C20-90EC-49EB13290381}.AppStore|ARM.Build.0 = Release|Any CPU
		{EBE3DBB3-005A-4C20-90EC-49EB13290381}.AppStore|iPhone.ActiveCfg = Release|Any CPU
		{EBE3DBB3-005A-4C20-90EC-49EB13290381}.AppStore|iPhone.Build.0 = Release|Any CPU
		{EBE3DBB3-005A-4C20-90EC-49EB13290381}.AppStore|iPhoneSimulator.ActiveCfg = Release|Any CPU
		{EBE3DBB3-005A-4C20-90EC-49EB13290381}.AppStore|iPhoneSimulator.Build.0 = Release|Any CPU
		{EBE3DBB3-005A-4C20-90EC-49EB13290381}.AppStore|x64.ActiveCfg = Release|Any CPU
		{EBE3DBB3-005A-4C20-90EC-49EB13290381}.AppStore|x64.Build.0 = Release|Any CPU
		{EBE3DBB3-005A-4C20-90EC-49EB13290381}.AppStore|x86.ActiveCfg = Release|Any CPU
		{EBE3DBB3-005A-4C20-90EC-49EB13290381}.AppStore|x86.Build.0 = Release|Any CPU
		{EBE3DBB3-005A-4C20-90EC-49EB13290381}.Debug|Any CPU.ActiveCfg = Debug|Any CPU
		{EBE3DBB3-005A-4C20-90EC-49EB13290381}.Debug|Any CPU.Build.0 = Debug|Any CPU
		{EBE3DBB3-005A-4C20-90EC-49EB13290381}.Debug|ARM.ActiveCfg = Debug|Any CPU
		{EBE3DBB3-005A-4C20-90EC-49EB13290381}.Debug|ARM.Build.0 = Debug|Any CPU
		{EBE3DBB3-005A-4C20-90EC-49EB13290381}.Debug|iPhone.ActiveCfg = Debug|Any CPU
		{EBE3DBB3-005A-4C20-90EC-49EB13290381}.Debug|iPhone.Build.0 = Debug|Any CPU
		{EBE3DBB3-005A-4C20-90EC-49EB13290381}.Debug|iPhoneSimulator.ActiveCfg = Debug|Any CPU
		{EBE3DBB3-005A-4C20-90EC-49EB13290381}.Debug|iPhoneSimulator.Build.0 = Debug|Any CPU
		{EBE3DBB3-005A-4C20-90EC-49EB13290381}.Debug|x64.ActiveCfg = Debug|Any CPU
		{EBE3DBB3-005A-4C20-90EC-49EB13290381}.Debug|x64.Build.0 = Debug|Any CPU
		{EBE3DBB3-005A-4C20-90EC-49EB13290381}.Debug|x86.ActiveCfg = Debug|Any CPU
		{EBE3DBB3-005A-4C20-90EC-49EB13290381}.Debug|x86.Build.0 = Debug|Any CPU
		{EBE3DBB3-005A-4C20-90EC-49EB13290381}.Release|Any CPU.ActiveCfg = Release|Any CPU
		{EBE3DBB3-005A-4C20-90EC-49EB13290381}.Release|Any CPU.Build.0 = Release|Any CPU
		{EBE3DBB3-005A-4C20-90EC-49EB13290381}.Release|ARM.ActiveCfg = Release|Any CPU
		{EBE3DBB3-005A-4C20-90EC-49EB13290381}.Release|ARM.Build.0 = Release|Any CPU
		{EBE3DBB3-005A-4C20-90EC-49EB13290381}.Release|iPhone.ActiveCfg = Release|Any CPU
		{EBE3DBB3-005A-4C20-90EC-49EB13290381}.Release|iPhone.Build.0 = Release|Any CPU
		{EBE3DBB3-005A-4C20-90EC-49EB13290381}.Release|iPhoneSimulator.ActiveCfg = Release|Any CPU
		{EBE3DBB3-005A-4C20-90EC-49EB13290381}.Release|iPhoneSimulator.Build.0 = Release|Any CPU
		{EBE3DBB3-005A-4C20-90EC-49EB13290381}.Release|x64.ActiveCfg = Release|Any CPU
		{EBE3DBB3-005A-4C20-90EC-49EB13290381}.Release|x64.Build.0 = Release|Any CPU
		{EBE3DBB3-005A-4C20-90EC-49EB13290381}.Release|x86.ActiveCfg = Release|Any CPU
		{EBE3DBB3-005A-4C20-90EC-49EB13290381}.Release|x86.Build.0 = Release|Any CPU
		{74C78621-CA21-4C64-B70C-BF0A2294D0B6}.Ad-Hoc|Any CPU.ActiveCfg = Release|x86
		{74C78621-CA21-4C64-B70C-BF0A2294D0B6}.Ad-Hoc|Any CPU.Build.0 = Release|x86
		{74C78621-CA21-4C64-B70C-BF0A2294D0B6}.Ad-Hoc|Any CPU.Deploy.0 = Release|x86
		{74C78621-CA21-4C64-B70C-BF0A2294D0B6}.Ad-Hoc|ARM.ActiveCfg = Release|ARM
		{74C78621-CA21-4C64-B70C-BF0A2294D0B6}.Ad-Hoc|ARM.Build.0 = Release|ARM
		{74C78621-CA21-4C64-B70C-BF0A2294D0B6}.Ad-Hoc|ARM.Deploy.0 = Release|ARM
		{74C78621-CA21-4C64-B70C-BF0A2294D0B6}.Ad-Hoc|iPhone.ActiveCfg = Release|x86
		{74C78621-CA21-4C64-B70C-BF0A2294D0B6}.Ad-Hoc|iPhone.Build.0 = Release|x86
		{74C78621-CA21-4C64-B70C-BF0A2294D0B6}.Ad-Hoc|iPhone.Deploy.0 = Release|x86
		{74C78621-CA21-4C64-B70C-BF0A2294D0B6}.Ad-Hoc|iPhoneSimulator.ActiveCfg = Release|x86
		{74C78621-CA21-4C64-B70C-BF0A2294D0B6}.Ad-Hoc|iPhoneSimulator.Build.0 = Release|x86
		{74C78621-CA21-4C64-B70C-BF0A2294D0B6}.Ad-Hoc|iPhoneSimulator.Deploy.0 = Release|x86
		{74C78621-CA21-4C64-B70C-BF0A2294D0B6}.Ad-Hoc|x64.ActiveCfg = Release|x64
		{74C78621-CA21-4C64-B70C-BF0A2294D0B6}.Ad-Hoc|x64.Build.0 = Release|x64
		{74C78621-CA21-4C64-B70C-BF0A2294D0B6}.Ad-Hoc|x64.Deploy.0 = Release|x64
		{74C78621-CA21-4C64-B70C-BF0A2294D0B6}.Ad-Hoc|x86.ActiveCfg = Release|x86
		{74C78621-CA21-4C64-B70C-BF0A2294D0B6}.Ad-Hoc|x86.Build.0 = Release|x86
		{74C78621-CA21-4C64-B70C-BF0A2294D0B6}.Ad-Hoc|x86.Deploy.0 = Release|x86
		{74C78621-CA21-4C64-B70C-BF0A2294D0B6}.AppStore|Any CPU.ActiveCfg = Release|x86
		{74C78621-CA21-4C64-B70C-BF0A2294D0B6}.AppStore|Any CPU.Build.0 = Release|x86
		{74C78621-CA21-4C64-B70C-BF0A2294D0B6}.AppStore|Any CPU.Deploy.0 = Release|x86
		{74C78621-CA21-4C64-B70C-BF0A2294D0B6}.AppStore|ARM.ActiveCfg = Release|ARM
		{74C78621-CA21-4C64-B70C-BF0A2294D0B6}.AppStore|ARM.Build.0 = Release|ARM
		{74C78621-CA21-4C64-B70C-BF0A2294D0B6}.AppStore|ARM.Deploy.0 = Release|ARM
		{74C78621-CA21-4C64-B70C-BF0A2294D0B6}.AppStore|iPhone.ActiveCfg = Release|x86
		{74C78621-CA21-4C64-B70C-BF0A2294D0B6}.AppStore|iPhone.Build.0 = Release|x86
		{74C78621-CA21-4C64-B70C-BF0A2294D0B6}.AppStore|iPhone.Deploy.0 = Release|x86
		{74C78621-CA21-4C64-B70C-BF0A2294D0B6}.AppStore|iPhoneSimulator.ActiveCfg = Release|x86
		{74C78621-CA21-4C64-B70C-BF0A2294D0B6}.AppStore|iPhoneSimulator.Build.0 = Release|x86
		{74C78621-CA21-4C64-B70C-BF0A2294D0B6}.AppStore|iPhoneSimulator.Deploy.0 = Release|x86
		{74C78621-CA21-4C64-B70C-BF0A2294D0B6}.AppStore|x64.ActiveCfg = Release|x64
		{74C78621-CA21-4C64-B70C-BF0A2294D0B6}.AppStore|x64.Build.0 = Release|x64
		{74C78621-CA21-4C64-B70C-BF0A2294D0B6}.AppStore|x64.Deploy.0 = Release|x64
		{74C78621-CA21-4C64-B70C-BF0A2294D0B6}.AppStore|x86.ActiveCfg = Release|x86
		{74C78621-CA21-4C64-B70C-BF0A2294D0B6}.AppStore|x86.Build.0 = Release|x86
		{74C78621-CA21-4C64-B70C-BF0A2294D0B6}.AppStore|x86.Deploy.0 = Release|x86
		{74C78621-CA21-4C64-B70C-BF0A2294D0B6}.Debug|Any CPU.ActiveCfg = Debug|x86
		{74C78621-CA21-4C64-B70C-BF0A2294D0B6}.Debug|ARM.ActiveCfg = Debug|ARM
		{74C78621-CA21-4C64-B70C-BF0A2294D0B6}.Debug|ARM.Build.0 = Debug|ARM
		{74C78621-CA21-4C64-B70C-BF0A2294D0B6}.Debug|ARM.Deploy.0 = Debug|ARM
		{74C78621-CA21-4C64-B70C-BF0A2294D0B6}.Debug|iPhone.ActiveCfg = Debug|x86
		{74C78621-CA21-4C64-B70C-BF0A2294D0B6}.Debug|iPhoneSimulator.ActiveCfg = Debug|x86
		{74C78621-CA21-4C64-B70C-BF0A2294D0B6}.Debug|x64.ActiveCfg = Debug|x64
		{74C78621-CA21-4C64-B70C-BF0A2294D0B6}.Debug|x64.Build.0 = Debug|x64
		{74C78621-CA21-4C64-B70C-BF0A2294D0B6}.Debug|x64.Deploy.0 = Debug|x64
		{74C78621-CA21-4C64-B70C-BF0A2294D0B6}.Debug|x86.ActiveCfg = Debug|x86
		{74C78621-CA21-4C64-B70C-BF0A2294D0B6}.Debug|x86.Build.0 = Debug|x86
		{74C78621-CA21-4C64-B70C-BF0A2294D0B6}.Debug|x86.Deploy.0 = Debug|x86
		{74C78621-CA21-4C64-B70C-BF0A2294D0B6}.Release|Any CPU.ActiveCfg = Release|x86
		{74C78621-CA21-4C64-B70C-BF0A2294D0B6}.Release|ARM.ActiveCfg = Release|ARM
		{74C78621-CA21-4C64-B70C-BF0A2294D0B6}.Release|ARM.Build.0 = Release|ARM
		{74C78621-CA21-4C64-B70C-BF0A2294D0B6}.Release|ARM.Deploy.0 = Release|ARM
		{74C78621-CA21-4C64-B70C-BF0A2294D0B6}.Release|iPhone.ActiveCfg = Release|x86
		{74C78621-CA21-4C64-B70C-BF0A2294D0B6}.Release|iPhoneSimulator.ActiveCfg = Release|x86
		{74C78621-CA21-4C64-B70C-BF0A2294D0B6}.Release|x64.ActiveCfg = Release|x64
		{74C78621-CA21-4C64-B70C-BF0A2294D0B6}.Release|x64.Build.0 = Release|x64
		{74C78621-CA21-4C64-B70C-BF0A2294D0B6}.Release|x64.Deploy.0 = Release|x64
		{74C78621-CA21-4C64-B70C-BF0A2294D0B6}.Release|x86.ActiveCfg = Release|x86
		{74C78621-CA21-4C64-B70C-BF0A2294D0B6}.Release|x86.Build.0 = Release|x86
		{74C78621-CA21-4C64-B70C-BF0A2294D0B6}.Release|x86.Deploy.0 = Release|x86
		{CE1C9CC4-49FC-4E45-B360-E04496635600}.Ad-Hoc|Any CPU.ActiveCfg = Ad-Hoc|iPhoneSimulator
		{CE1C9CC4-49FC-4E45-B360-E04496635600}.Ad-Hoc|ARM.ActiveCfg = Ad-Hoc|iPhone
		{CE1C9CC4-49FC-4E45-B360-E04496635600}.Ad-Hoc|iPhone.ActiveCfg = Ad-Hoc|iPhone
		{CE1C9CC4-49FC-4E45-B360-E04496635600}.Ad-Hoc|iPhone.Build.0 = Ad-Hoc|iPhone
		{CE1C9CC4-49FC-4E45-B360-E04496635600}.Ad-Hoc|iPhoneSimulator.ActiveCfg = Ad-Hoc|iPhoneSimulator
		{CE1C9CC4-49FC-4E45-B360-E04496635600}.Ad-Hoc|iPhoneSimulator.Build.0 = Ad-Hoc|iPhoneSimulator
		{CE1C9CC4-49FC-4E45-B360-E04496635600}.Ad-Hoc|x64.ActiveCfg = Ad-Hoc|iPhone
		{CE1C9CC4-49FC-4E45-B360-E04496635600}.Ad-Hoc|x86.ActiveCfg = Ad-Hoc|iPhone
		{CE1C9CC4-49FC-4E45-B360-E04496635600}.AppStore|Any CPU.ActiveCfg = AppStore|iPhoneSimulator
		{CE1C9CC4-49FC-4E45-B360-E04496635600}.AppStore|ARM.ActiveCfg = AppStore|iPhone
		{CE1C9CC4-49FC-4E45-B360-E04496635600}.AppStore|iPhone.ActiveCfg = AppStore|iPhone
		{CE1C9CC4-49FC-4E45-B360-E04496635600}.AppStore|iPhone.Build.0 = AppStore|iPhone
		{CE1C9CC4-49FC-4E45-B360-E04496635600}.AppStore|iPhoneSimulator.ActiveCfg = AppStore|iPhoneSimulator
		{CE1C9CC4-49FC-4E45-B360-E04496635600}.AppStore|iPhoneSimulator.Build.0 = AppStore|iPhoneSimulator
		{CE1C9CC4-49FC-4E45-B360-E04496635600}.AppStore|x64.ActiveCfg = AppStore|iPhone
		{CE1C9CC4-49FC-4E45-B360-E04496635600}.AppStore|x86.ActiveCfg = AppStore|iPhone
		{CE1C9CC4-49FC-4E45-B360-E04496635600}.Debug|Any CPU.ActiveCfg = Debug|iPhoneSimulator
		{CE1C9CC4-49FC-4E45-B360-E04496635600}.Debug|ARM.ActiveCfg = Debug|iPhone
		{CE1C9CC4-49FC-4E45-B360-E04496635600}.Debug|iPhone.ActiveCfg = Debug|iPhone
		{CE1C9CC4-49FC-4E45-B360-E04496635600}.Debug|iPhone.Build.0 = Debug|iPhone
		{CE1C9CC4-49FC-4E45-B360-E04496635600}.Debug|iPhoneSimulator.ActiveCfg = Debug|iPhoneSimulator
		{CE1C9CC4-49FC-4E45-B360-E04496635600}.Debug|iPhoneSimulator.Build.0 = Debug|iPhoneSimulator
		{CE1C9CC4-49FC-4E45-B360-E04496635600}.Debug|x64.ActiveCfg = Debug|iPhone
		{CE1C9CC4-49FC-4E45-B360-E04496635600}.Debug|x86.ActiveCfg = Debug|iPhone
		{CE1C9CC4-49FC-4E45-B360-E04496635600}.Release|Any CPU.ActiveCfg = Release|iPhoneSimulator
		{CE1C9CC4-49FC-4E45-B360-E04496635600}.Release|ARM.ActiveCfg = Release|iPhone
		{CE1C9CC4-49FC-4E45-B360-E04496635600}.Release|iPhone.ActiveCfg = Release|iPhone
		{CE1C9CC4-49FC-4E45-B360-E04496635600}.Release|iPhone.Build.0 = Release|iPhone
		{CE1C9CC4-49FC-4E45-B360-E04496635600}.Release|iPhoneSimulator.ActiveCfg = Release|iPhoneSimulator
		{CE1C9CC4-49FC-4E45-B360-E04496635600}.Release|iPhoneSimulator.Build.0 = Release|iPhoneSimulator
		{CE1C9CC4-49FC-4E45-B360-E04496635600}.Release|x64.ActiveCfg = Release|iPhone
		{CE1C9CC4-49FC-4E45-B360-E04496635600}.Release|x86.ActiveCfg = Release|iPhone
		{E8662CCE-5FC0-42DE-8F8B-71A1CF694749}.Ad-Hoc|Any CPU.ActiveCfg = Release|Any CPU
		{E8662CCE-5FC0-42DE-8F8B-71A1CF694749}.Ad-Hoc|Any CPU.Build.0 = Release|Any CPU
		{E8662CCE-5FC0-42DE-8F8B-71A1CF694749}.Ad-Hoc|ARM.ActiveCfg = Release|Any CPU
		{E8662CCE-5FC0-42DE-8F8B-71A1CF694749}.Ad-Hoc|ARM.Build.0 = Release|Any CPU
		{E8662CCE-5FC0-42DE-8F8B-71A1CF694749}.Ad-Hoc|iPhone.ActiveCfg = Release|Any CPU
		{E8662CCE-5FC0-42DE-8F8B-71A1CF694749}.Ad-Hoc|iPhone.Build.0 = Release|Any CPU
		{E8662CCE-5FC0-42DE-8F8B-71A1CF694749}.Ad-Hoc|iPhoneSimulator.ActiveCfg = Release|Any CPU
		{E8662CCE-5FC0-42DE-8F8B-71A1CF694749}.Ad-Hoc|iPhoneSimulator.Build.0 = Release|Any CPU
		{E8662CCE-5FC0-42DE-8F8B-71A1CF694749}.Ad-Hoc|x64.ActiveCfg = Release|Any CPU
		{E8662CCE-5FC0-42DE-8F8B-71A1CF694749}.Ad-Hoc|x64.Build.0 = Release|Any CPU
		{E8662CCE-5FC0-42DE-8F8B-71A1CF694749}.Ad-Hoc|x86.ActiveCfg = Release|Any CPU
		{E8662CCE-5FC0-42DE-8F8B-71A1CF694749}.Ad-Hoc|x86.Build.0 = Release|Any CPU
		{E8662CCE-5FC0-42DE-8F8B-71A1CF694749}.AppStore|Any CPU.ActiveCfg = Release|Any CPU
		{E8662CCE-5FC0-42DE-8F8B-71A1CF694749}.AppStore|Any CPU.Build.0 = Release|Any CPU
		{E8662CCE-5FC0-42DE-8F8B-71A1CF694749}.AppStore|ARM.ActiveCfg = Release|Any CPU
		{E8662CCE-5FC0-42DE-8F8B-71A1CF694749}.AppStore|ARM.Build.0 = Release|Any CPU
		{E8662CCE-5FC0-42DE-8F8B-71A1CF694749}.AppStore|iPhone.ActiveCfg = Release|Any CPU
		{E8662CCE-5FC0-42DE-8F8B-71A1CF694749}.AppStore|iPhone.Build.0 = Release|Any CPU
		{E8662CCE-5FC0-42DE-8F8B-71A1CF694749}.AppStore|iPhoneSimulator.ActiveCfg = Release|Any CPU
		{E8662CCE-5FC0-42DE-8F8B-71A1CF694749}.AppStore|iPhoneSimulator.Build.0 = Release|Any CPU
		{E8662CCE-5FC0-42DE-8F8B-71A1CF694749}.AppStore|x64.ActiveCfg = Release|Any CPU
		{E8662CCE-5FC0-42DE-8F8B-71A1CF694749}.AppStore|x64.Build.0 = Release|Any CPU
		{E8662CCE-5FC0-42DE-8F8B-71A1CF694749}.AppStore|x86.ActiveCfg = Release|Any CPU
		{E8662CCE-5FC0-42DE-8F8B-71A1CF694749}.AppStore|x86.Build.0 = Release|Any CPU
		{E8662CCE-5FC0-42DE-8F8B-71A1CF694749}.Debug|Any CPU.ActiveCfg = Debug|Any CPU
		{E8662CCE-5FC0-42DE-8F8B-71A1CF694749}.Debug|Any CPU.Build.0 = Debug|Any CPU
		{E8662CCE-5FC0-42DE-8F8B-71A1CF694749}.Debug|ARM.ActiveCfg = Debug|Any CPU
		{E8662CCE-5FC0-42DE-8F8B-71A1CF694749}.Debug|ARM.Build.0 = Debug|Any CPU
		{E8662CCE-5FC0-42DE-8F8B-71A1CF694749}.Debug|iPhone.ActiveCfg = Debug|Any CPU
		{E8662CCE-5FC0-42DE-8F8B-71A1CF694749}.Debug|iPhone.Build.0 = Debug|Any CPU
		{E8662CCE-5FC0-42DE-8F8B-71A1CF694749}.Debug|iPhoneSimulator.ActiveCfg = Debug|Any CPU
		{E8662CCE-5FC0-42DE-8F8B-71A1CF694749}.Debug|iPhoneSimulator.Build.0 = Debug|Any CPU
		{E8662CCE-5FC0-42DE-8F8B-71A1CF694749}.Debug|x64.ActiveCfg = Debug|Any CPU
		{E8662CCE-5FC0-42DE-8F8B-71A1CF694749}.Debug|x64.Build.0 = Debug|Any CPU
		{E8662CCE-5FC0-42DE-8F8B-71A1CF694749}.Debug|x86.ActiveCfg = Debug|Any CPU
		{E8662CCE-5FC0-42DE-8F8B-71A1CF694749}.Debug|x86.Build.0 = Debug|Any CPU
		{E8662CCE-5FC0-42DE-8F8B-71A1CF694749}.Release|Any CPU.ActiveCfg = Release|Any CPU
		{E8662CCE-5FC0-42DE-8F8B-71A1CF694749}.Release|Any CPU.Build.0 = Release|Any CPU
		{E8662CCE-5FC0-42DE-8F8B-71A1CF694749}.Release|ARM.ActiveCfg = Release|Any CPU
		{E8662CCE-5FC0-42DE-8F8B-71A1CF694749}.Release|ARM.Build.0 = Release|Any CPU
		{E8662CCE-5FC0-42DE-8F8B-71A1CF694749}.Release|iPhone.ActiveCfg = Release|Any CPU
		{E8662CCE-5FC0-42DE-8F8B-71A1CF694749}.Release|iPhone.Build.0 = Release|Any CPU
		{E8662CCE-5FC0-42DE-8F8B-71A1CF694749}.Release|iPhoneSimulator.ActiveCfg = Release|Any CPU
		{E8662CCE-5FC0-42DE-8F8B-71A1CF694749}.Release|iPhoneSimulator.Build.0 = Release|Any CPU
		{E8662CCE-5FC0-42DE-8F8B-71A1CF694749}.Release|x64.ActiveCfg = Release|Any CPU
		{E8662CCE-5FC0-42DE-8F8B-71A1CF694749}.Release|x64.Build.0 = Release|Any CPU
		{E8662CCE-5FC0-42DE-8F8B-71A1CF694749}.Release|x86.ActiveCfg = Release|Any CPU
		{E8662CCE-5FC0-42DE-8F8B-71A1CF694749}.Release|x86.Build.0 = Release|Any CPU
		{06D37854-8EC8-4F62-925D-4A85D9581CD0}.Ad-Hoc|Any CPU.ActiveCfg = Release|Any CPU
		{06D37854-8EC8-4F62-925D-4A85D9581CD0}.Ad-Hoc|Any CPU.Build.0 = Release|Any CPU
		{06D37854-8EC8-4F62-925D-4A85D9581CD0}.Ad-Hoc|ARM.ActiveCfg = Release|Any CPU
		{06D37854-8EC8-4F62-925D-4A85D9581CD0}.Ad-Hoc|ARM.Build.0 = Release|Any CPU
		{06D37854-8EC8-4F62-925D-4A85D9581CD0}.Ad-Hoc|iPhone.ActiveCfg = Release|Any CPU
		{06D37854-8EC8-4F62-925D-4A85D9581CD0}.Ad-Hoc|iPhone.Build.0 = Release|Any CPU
		{06D37854-8EC8-4F62-925D-4A85D9581CD0}.Ad-Hoc|iPhoneSimulator.ActiveCfg = Release|Any CPU
		{06D37854-8EC8-4F62-925D-4A85D9581CD0}.Ad-Hoc|iPhoneSimulator.Build.0 = Release|Any CPU
		{06D37854-8EC8-4F62-925D-4A85D9581CD0}.Ad-Hoc|x64.ActiveCfg = Release|Any CPU
		{06D37854-8EC8-4F62-925D-4A85D9581CD0}.Ad-Hoc|x64.Build.0 = Release|Any CPU
		{06D37854-8EC8-4F62-925D-4A85D9581CD0}.Ad-Hoc|x86.ActiveCfg = Release|Any CPU
		{06D37854-8EC8-4F62-925D-4A85D9581CD0}.Ad-Hoc|x86.Build.0 = Release|Any CPU
		{06D37854-8EC8-4F62-925D-4A85D9581CD0}.AppStore|Any CPU.ActiveCfg = Release|Any CPU
		{06D37854-8EC8-4F62-925D-4A85D9581CD0}.AppStore|Any CPU.Build.0 = Release|Any CPU
		{06D37854-8EC8-4F62-925D-4A85D9581CD0}.AppStore|ARM.ActiveCfg = Release|Any CPU
		{06D37854-8EC8-4F62-925D-4A85D9581CD0}.AppStore|ARM.Build.0 = Release|Any CPU
		{06D37854-8EC8-4F62-925D-4A85D9581CD0}.AppStore|iPhone.ActiveCfg = Release|Any CPU
		{06D37854-8EC8-4F62-925D-4A85D9581CD0}.AppStore|iPhone.Build.0 = Release|Any CPU
		{06D37854-8EC8-4F62-925D-4A85D9581CD0}.AppStore|iPhoneSimulator.ActiveCfg = Release|Any CPU
		{06D37854-8EC8-4F62-925D-4A85D9581CD0}.AppStore|iPhoneSimulator.Build.0 = Release|Any CPU
		{06D37854-8EC8-4F62-925D-4A85D9581CD0}.AppStore|x64.ActiveCfg = Release|Any CPU
		{06D37854-8EC8-4F62-925D-4A85D9581CD0}.AppStore|x64.Build.0 = Release|Any CPU
		{06D37854-8EC8-4F62-925D-4A85D9581CD0}.AppStore|x86.ActiveCfg = Release|Any CPU
		{06D37854-8EC8-4F62-925D-4A85D9581CD0}.AppStore|x86.Build.0 = Release|Any CPU
		{06D37854-8EC8-4F62-925D-4A85D9581CD0}.Debug|Any CPU.ActiveCfg = Debug|Any CPU
		{06D37854-8EC8-4F62-925D-4A85D9581CD0}.Debug|Any CPU.Build.0 = Debug|Any CPU
		{06D37854-8EC8-4F62-925D-4A85D9581CD0}.Debug|ARM.ActiveCfg = Debug|Any CPU
		{06D37854-8EC8-4F62-925D-4A85D9581CD0}.Debug|ARM.Build.0 = Debug|Any CPU
		{06D37854-8EC8-4F62-925D-4A85D9581CD0}.Debug|iPhone.ActiveCfg = Debug|Any CPU
		{06D37854-8EC8-4F62-925D-4A85D9581CD0}.Debug|iPhone.Build.0 = Debug|Any CPU
		{06D37854-8EC8-4F62-925D-4A85D9581CD0}.Debug|iPhoneSimulator.ActiveCfg = Debug|Any CPU
		{06D37854-8EC8-4F62-925D-4A85D9581CD0}.Debug|iPhoneSimulator.Build.0 = Debug|Any CPU
		{06D37854-8EC8-4F62-925D-4A85D9581CD0}.Debug|x64.ActiveCfg = Debug|Any CPU
		{06D37854-8EC8-4F62-925D-4A85D9581CD0}.Debug|x64.Build.0 = Debug|Any CPU
		{06D37854-8EC8-4F62-925D-4A85D9581CD0}.Debug|x86.ActiveCfg = Debug|Any CPU
		{06D37854-8EC8-4F62-925D-4A85D9581CD0}.Debug|x86.Build.0 = Debug|Any CPU
		{06D37854-8EC8-4F62-925D-4A85D9581CD0}.Release|Any CPU.ActiveCfg = Release|Any CPU
		{06D37854-8EC8-4F62-925D-4A85D9581CD0}.Release|Any CPU.Build.0 = Release|Any CPU
		{06D37854-8EC8-4F62-925D-4A85D9581CD0}.Release|ARM.ActiveCfg = Release|Any CPU
		{06D37854-8EC8-4F62-925D-4A85D9581CD0}.Release|ARM.Build.0 = Release|Any CPU
		{06D37854-8EC8-4F62-925D-4A85D9581CD0}.Release|iPhone.ActiveCfg = Release|Any CPU
		{06D37854-8EC8-4F62-925D-4A85D9581CD0}.Release|iPhone.Build.0 = Release|Any CPU
		{06D37854-8EC8-4F62-925D-4A85D9581CD0}.Release|iPhoneSimulator.ActiveCfg = Release|Any CPU
		{06D37854-8EC8-4F62-925D-4A85D9581CD0}.Release|iPhoneSimulator.Build.0 = Release|Any CPU
		{06D37854-8EC8-4F62-925D-4A85D9581CD0}.Release|x64.ActiveCfg = Release|Any CPU
		{06D37854-8EC8-4F62-925D-4A85D9581CD0}.Release|x64.Build.0 = Release|Any CPU
		{06D37854-8EC8-4F62-925D-4A85D9581CD0}.Release|x86.ActiveCfg = Release|Any CPU
		{06D37854-8EC8-4F62-925D-4A85D9581CD0}.Release|x86.Build.0 = Release|Any CPU
	EndGlobalSection
	GlobalSection(SolutionProperties) = preSolution
		HideSolutionNode = FALSE
	EndGlobalSection
	GlobalSection(NestedProjects) = preSolution
		{E8662CCE-5FC0-42DE-8F8B-71A1CF694749} = {DF093FA7-05C7-4F56-8EE8-523B90062328}
		{06D37854-8EC8-4F62-925D-4A85D9581CD0} = {DF093FA7-05C7-4F56-8EE8-523B90062328}
	EndGlobalSection
	GlobalSection(ExtensibilityGlobals) = postSolution
		SolutionGuid = {29550025-F43A-4E07-9D94-37973B09EC0F}
	EndGlobalSection
EndGlobal
